{
  "name": "hanime",
  "version": "1.1.2",
  "lockfileVersion": 1,
  "requires": true,
  "dependencies": {
    "@babel/runtime": {
      "version": "7.14.0",
      "resolved": "https://registry.npmjs.org/@babel/runtime/-/runtime-7.14.0.tgz",
      "integrity": "sha512-JELkvo/DlpNdJ7dlyw/eY7E0suy5i5GQH+Vlxaq1nsNJ+H7f4Vtv3jMeCEgRhZZQFXTjldYfQgv2qmM6M1v5wA==",
      "requires": {
        "regenerator-runtime": "^0.13.4"
      }
    },
    "@types/node": {
      "version": "15.6.1",
      "resolved": "https://registry.npmjs.org/@types/node/-/node-15.6.1.tgz",
      "integrity": "sha512-7EIraBEyRHEe7CH+Fm1XvgqU6uwZN8Q7jppJGcqjROMT29qhAuuOxYB1uEY5UMYQKEmA5D+5tBnhdaPXSsLONA==",
      "dev": true
    },
    "@types/node-fetch": {
      "version": "2.5.10",
      "resolved": "https://registry.npmjs.org/@types/node-fetch/-/node-fetch-2.5.10.tgz",
      "integrity": "sha512-IpkX0AasN44hgEad0gEF/V6EgR5n69VEqPEgnmoM8GsIGro3PowbWs4tR6IhxUTyPLpOn+fiGG6nrQhcmoCuIQ==",
      "dev": true,
      "requires": {
        "@types/node": "*",
        "form-data": "^3.0.0"
      }
    },
    "abort-controller": {
      "version": "3.0.0",
      "resolved": "https://registry.npmjs.org/abort-controller/-/abort-controller-3.0.0.tgz",
      "integrity": "sha512-h8lQ8tacZYnR3vNQTgibj+tODHI5/+l06Au2Pcriv/Gmet0eaj4TwWH41sO9wnHDiQsEj19q0drzdWdeAHtweg==",
      "requires": {
        "event-target-shim": "^5.0.0"
      }
    },
    "asynckit": {
      "version": "0.4.0",
      "resolved": "https://registry.npmjs.org/asynckit/-/asynckit-0.4.0.tgz",
      "integrity": "sha1-x57Zf380y48robyXkLzDZkdLS3k=",
      "dev": true
    },
    "combined-stream": {
      "version": "1.0.8",
      "resolved": "https://registry.npmjs.org/combined-stream/-/combined-stream-1.0.8.tgz",
      "integrity": "sha512-FQN4MRfuJeHf7cBbBMJFXhKSDq+2kAArBlmRBvcvFE5BB1HZKXtSFASDhdlz9zOYwxh8lDdnvmMOe/+5cdoEdg==",
      "dev": true,
      "requires": {
        "delayed-stream": "~1.0.0"
      }
    },
    "delayed-stream": {
      "version": "1.0.0",
      "resolved": "https://registry.npmjs.org/delayed-stream/-/delayed-stream-1.0.0.tgz",
      "integrity": "sha1-3zrhmayt+31ECqrgsp4icrJOxhk=",
      "dev": true
    },
    "event-target-shim": {
      "version": "5.0.1",
      "resolved": "https://registry.npmjs.org/event-target-shim/-/event-target-shim-5.0.1.tgz",
      "integrity": "sha512-i/2XbnSz/uxRCU6+NdVJgKWDTM427+MqYbkQzD321DuCQJUqOuJKIA0IM2+W2xtYHdKOmZ4dR6fExsd4SXL+WQ=="
    },
    "form-data": {
      "version": "3.0.1",
      "resolved": "https://registry.npmjs.org/form-data/-/form-data-3.0.1.tgz",
      "integrity": "sha512-RHkBKtLWUVwd7SqRIvCZMEvAMoGUp0XU+seQiZejj0COz3RI3hWP4sCv3gZWWLjJTd7rGwcsF5eKZGii0r/hbg==",
      "dev": true,
      "requires": {
        "asynckit": "^0.4.0",
        "combined-stream": "^1.0.8",
        "mime-types": "^2.1.12"
      }
    },
    "html-entities": {
      "version": "2.3.2",
      "resolved": "https://registry.npmjs.org/html-entities/-/html-entities-2.3.2.tgz",
      "integrity": "sha512-c3Ab/url5ksaT0WyleslpBEthOzWhrjQbg75y7XUsfSzi3Dgzt0l8w5e7DylRn15MTlMMD58dTfzddNS2kcAjQ=="
    },
    "lodash.clonedeep": {
      "version": "4.5.0",
      "resolved": "https://registry.npmjs.org/lodash.clonedeep/-/lodash.clonedeep-4.5.0.tgz",
      "integrity": "sha1-4j8/nE+Pvd6HJSnBBxhXoIblzO8="
    },
    "lodash.isplainobject": {
      "version": "4.0.6",
      "resolved": "https://registry.npmjs.org/lodash.isplainobject/-/lodash.isplainobject-4.0.6.tgz",
      "integrity": "sha1-fFJqUtibRcRcxpC4gWO+BJf1UMs="
    },
    "lodash.trim": {
      "version": "4.5.1",
      "resolved": "https://registry.npmjs.org/lodash.trim/-/lodash.trim-4.5.1.tgz",
      "integrity": "sha1-NkJefukL5KpeJ7zruFt9EepHqlc="
    },
    "lodash.without": {
      "version": "4.4.0",
      "resolved": "https://registry.npmjs.org/lodash.without/-/lodash.without-4.4.0.tgz",
      "integrity": "sha1-PNRXSgC2e643OpS3SHcmQFB7eqw="
    },
    "mime-db": {
      "version": "1.47.0",
      "resolved": "https://registry.npmjs.org/mime-db/-/mime-db-1.47.0.tgz",
      "integrity": "sha512-QBmA/G2y+IfeS4oktet3qRZ+P5kPhCKRXxXnQEudYqUaEioAU1/Lq2us3D/t1Jfo4hE9REQPrbB7K5sOczJVIw==",
      "dev": true
    },
    "mime-types": {
      "version": "2.1.30",
      "resolved": "https://registry.npmjs.org/mime-types/-/mime-types-2.1.30.tgz",
      "integrity": "sha512-crmjA4bLtR8m9qLpHvgxSChT+XoSlZi8J4n/aIdn3z92e/U47Z0V/yl+Wh9W046GgFVAmoNR/fmdbZYcSSIUeg==",
      "dev": true,
      "requires": {
        "mime-db": "1.47.0"
      }
    },
    "node-fetch": {
      "version": "2.6.1",
      "resolved": "https://registry.npmjs.org/node-fetch/-/node-fetch-2.6.1.tgz",
      "integrity": "sha512-V4aYg89jEoVRxRb2fJdAg8FHvI7cEyYdVAh94HH0UIK8oJxUfkjlDQN9RbMx+bEjP7+ggMiFRprSti032Oipxw=="
    },
    "ranges-apply": {
      "version": "5.1.0",
      "resolved": "https://registry.npmjs.org/ranges-apply/-/ranges-apply-5.1.0.tgz",
      "integrity": "sha512-VF3a0XUuYS/BQHv2RaIyX1K7S1hbfrs64hkGKgPVk0Y7p4XFwSucjTTttrBqmkcmB/PZx5ISTZdxErRZi/89aQ==",
      "requires": {
        "@babel/runtime": "^7.14.0",
        "ranges-merge": "^7.1.0"
      }
    },
    "ranges-merge": {
      "version": "7.1.0",
      "resolved": "https://registry.npmjs.org/ranges-merge/-/ranges-merge-7.1.0.tgz",
      "integrity": "sha512-coTHcyAEIhoEdsBs9f5f+q0rmy7UHvS/5nfuXzuj5oLX/l/tbqM5uxRb6eh8WMdetXia3lK67ZO4tarH4ieulQ==",
      "requires": {
        "@babel/runtime": "^7.14.0",
        "ranges-push": "^5.1.0",
        "ranges-sort": "^4.1.0"
      }
    },
    "ranges-push": {
      "version": "5.1.0",
      "resolved": "https://registry.npmjs.org/ranges-push/-/ranges-push-5.1.0.tgz",
      "integrity": "sha512-vqGcaGq7GWV1zBa9w83E+dzYkOvE9/3pIRUPvLf12c+mGQCf1nesrkBI7Ob8taN2CC9V1HDSJx0KAQl0SgZftA==",
      "requires": {
        "@babel/runtime": "^7.14.0",
        "ranges-merge": "^7.1.0",
        "string-collapse-leading-whitespace": "^5.1.0",
        "string-trim-spaces-only": "^3.1.0"
      }
    },
    "ranges-sort": {
      "version": "4.1.0",
      "resolved": "https://registry.npmjs.org/ranges-sort/-/ranges-sort-4.1.0.tgz",
      "integrity": "sha512-GOQgk6UtsrfKFeYa53YLiBVnLINwYmOk5l2QZG1csZpT6GdImUwooh+/cRrp7b+fYawZX/rnyA3Ul+pdgQBIzA==",
      "requires": {
        "@babel/runtime": "^7.14.0"
      }
    },
    "regenerator-runtime": {
      "version": "0.13.7",
      "resolved": "https://registry.npmjs.org/regenerator-runtime/-/regenerator-runtime-0.13.7.tgz",
      "integrity": "sha512-a54FxoJDIr27pgf7IgeQGxmqUNYrcV338lf/6gH456HZ/PhX+5BcwHXG9ajESmwe6WRO0tAzRUrRmNONWgkrew=="
    },
    "string-collapse-leading-whitespace": {
      "version": "5.1.0",
      "resolved": "https://registry.npmjs.org/string-collapse-leading-whitespace/-/string-collapse-leading-whitespace-5.1.0.tgz",
      "integrity": "sha512-mYz9/Kb5uvRB4DZj46zILwI4y9lD9JsvXG9Xb7zjbwm0I/R40G7oFfMsqJ28l2d7gWMTLJL569NfJQVLQbnHCw==",
      "requires": {
        "@babel/runtime": "^7.14.0"
      }
    },
    "string-left-right": {
      "version": "4.1.0",
      "resolved": "https://registry.npmjs.org/string-left-right/-/string-left-right-4.1.0.tgz",
      "integrity": "sha512-ic/WvfNVUygWWsgg8akzSzp2NuttfhrdbH7QmSnda5b5RFmT9aCEDiS/M+gmTJwtFy7+b/2AXU4Z6vejcePQqQ==",
      "requires": {
        "@babel/runtime": "^7.14.0",
        "lodash.clonedeep": "^4.5.0",
        "lodash.isplainobject": "^4.0.6"
      }
    },
    "string-strip-html": {
      "version": "8.3.0",
      "resolved": "https://registry.npmjs.org/string-strip-html/-/string-strip-html-8.3.0.tgz",
      "integrity": "sha512-1+rjTPt0JjpFr1w0bfNL1S6O0I9fJDqM+P3pFTpC6eEEpIXhmBvPLnaQoEuWarswiH219qCefDSxTLxGQyHKUg==",
      "requires": {
        "@babel/runtime": "^7.14.0",
        "html-entities": "^2.3.2",
        "lodash.isplainobject": "^4.0.6",
        "lodash.trim": "^4.5.1",
        "lodash.without": "^4.4.0",
        "ranges-apply": "^5.1.0",
        "ranges-push": "^5.1.0",
        "string-left-right": "^4.1.0"
      }
    },
    "string-trim-spaces-only": {
      "version": "3.1.0",
      "resolved": "https://registry.npmjs.org/string-trim-spaces-only/-/string-trim-spaces-only-3.1.0.tgz",
      "integrity": "sha512-AW7RSi3+QtE6wR+4m/kmwlyy39neBbCIzrzzu1/RGzNRiPKQOeB3rGzr4ubg4UIQgYtr2w0PrxhKPXgyqJ0vaQ==",
      "requires": {
        "@babel/runtime": "^7.14.0"
      }
    },
    "tslib": {
      "version": "2.2.0",
      "resolved": "https://registry.npmjs.org/tslib/-/tslib-2.2.0.tgz",
      "integrity": "sha512-gS9GVHRU+RGn5KQM2rllAlR3dU6m7AcpJKdtH8gFvQiC4Otgk98XnmMU+nZenHt/+VhnBPWwgrJsyrdcw6i23w=="
    },
    "typescript": {
      "version": "4.3.2",
      "resolved": "https://registry.npmjs.org/typescript/-/typescript-4.3.2.tgz",
      "integrity": "sha512-zZ4hShnmnoVnAHpVHWpTcxdv7dWP60S2FsydQLV8V5PbS3FifjWFFRiHSWpDJahly88PRyV5teTSLoq4eG7mKw==",
      "dev": true
    }
  }
}
